// !$*UTF8*$!
{
	archiveVersion = 1;
	classes = {
	};
	objectVersion = 46;
	objects = {

/* Begin PBXBuildFile section */
		0CA658A7D17538E3B6573ADD /* Pods_crowdpingTests.framework in Frameworks */ = {isa = PBXBuildFile; fileRef = 1B991D81F57C0C92618C1808 /* Pods_crowdpingTests.framework */; };
		6ED7D3583F49DEA7A440FF9B /* Pods_crowdping.framework in Frameworks */ = {isa = PBXBuildFile; fileRef = AD4A8963B5608CF533A7F899 /* Pods_crowdping.framework */; };
		8BEC45A51D9734490075612F /* GoogleService-Info.plist in Resources */ = {isa = PBXBuildFile; fileRef = 8BEC45A41D9734490075612F /* GoogleService-Info.plist */; };
		8BEC45A71D9734590075612F /* GoogleService-Info.plist in Resources */ = {isa = PBXBuildFile; fileRef = 8BEC45A61D9734590075612F /* GoogleService-Info.plist */; };
		8BEC45A91D9734630075612F /* GoogleService-Info.plist in Resources */ = {isa = PBXBuildFile; fileRef = 8BEC45A81D9734630075612F /* GoogleService-Info.plist */; };
		B758B1A87F9693C13C37DBDA /* Pods_crowdpingUITests.framework in Frameworks */ = {isa = PBXBuildFile; fileRef = 8D0EE376AA6C1A76CDB03D74 /* Pods_crowdpingUITests.framework */; };
		C71042D01D960C24000C5CAC /* AppDelegate.swift in Sources */ = {isa = PBXBuildFile; fileRef = C71042CF1D960C24000C5CAC /* AppDelegate.swift */; };
		C71042D21D960C24000C5CAC /* ViewController.swift in Sources */ = {isa = PBXBuildFile; fileRef = C71042D11D960C24000C5CAC /* ViewController.swift */; };
		C71042D51D960C24000C5CAC /* Main.storyboard in Resources */ = {isa = PBXBuildFile; fileRef = C71042D31D960C24000C5CAC /* Main.storyboard */; };
		C71042D81D960C25000C5CAC /* crowdping.xcdatamodeld in Sources */ = {isa = PBXBuildFile; fileRef = C71042D61D960C25000C5CAC /* crowdping.xcdatamodeld */; };
		C71042DA1D960C25000C5CAC /* Assets.xcassets in Resources */ = {isa = PBXBuildFile; fileRef = C71042D91D960C25000C5CAC /* Assets.xcassets */; };
		C71042DD1D960C25000C5CAC /* LaunchScreen.storyboard in Resources */ = {isa = PBXBuildFile; fileRef = C71042DB1D960C25000C5CAC /* LaunchScreen.storyboard */; };
		C71042E81D960C25000C5CAC /* crowdpingTests.swift in Sources */ = {isa = PBXBuildFile; fileRef = C71042E71D960C25000C5CAC /* crowdpingTests.swift */; };
		C71042F31D960C25000C5CAC /* crowdpingUITests.swift in Sources */ = {isa = PBXBuildFile; fileRef = C71042F21D960C25000C5CAC /* crowdpingUITests.swift */; };
		C77E13921D97515600B79FC1 /* button alert_circles.pdf in Resources */ = {isa = PBXBuildFile; fileRef = C77E13901D97515600B79FC1 /* button alert_circles.pdf */; };
		C77E13931D97515600B79FC1 /* button alert_police.pdf in Resources */ = {isa = PBXBuildFile; fileRef = C77E13911D97515600B79FC1 /* button alert_police.pdf */; };
		C7D357AB1D96CCB0001E7387 /* Notifications.swift in Sources */ = {isa = PBXBuildFile; fileRef = C7D357AA1D96CCB0001E7387 /* Notifications.swift */; };
		C7D357AE1D971527001E7387 /* MapKit.framework in Frameworks */ = {isa = PBXBuildFile; fileRef = C7D357AD1D971527001E7387 /* MapKit.framework */; };
		C7D357B01D971EBD001E7387 /* LocationAnotation.swift in Sources */ = {isa = PBXBuildFile; fileRef = C7D357AF1D971EBD001E7387 /* LocationAnotation.swift */; };
/* End PBXBuildFile section */

/* Begin PBXContainerItemProxy section */
		C71042E41D960C25000C5CAC /* PBXContainerItemProxy */ = {
			isa = PBXContainerItemProxy;
			containerPortal = C71042C41D960C24000C5CAC /* Project object */;
			proxyType = 1;
			remoteGlobalIDString = C71042CB1D960C24000C5CAC;
			remoteInfo = crowdping;
		};
		C71042EF1D960C25000C5CAC /* PBXContainerItemProxy */ = {
			isa = PBXContainerItemProxy;
			containerPortal = C71042C41D960C24000C5CAC /* Project object */;
			proxyType = 1;
			remoteGlobalIDString = C71042CB1D960C24000C5CAC;
			remoteInfo = crowdping;
		};
/* End PBXContainerItemProxy section */

/* Begin PBXFileReference section */
		01611B64FF2CA9D94A412C24 /* Pods-crowdping.debug.xcconfig */ = {isa = PBXFileReference; includeInIndex = 1; lastKnownFileType = text.xcconfig; name = "Pods-crowdping.debug.xcconfig"; path = "Pods/Target Support Files/Pods-crowdping/Pods-crowdping.debug.xcconfig"; sourceTree = "<group>"; };
		1B630DF865FD4E22972EFE12 /* Pods-crowdpingUITests.release.xcconfig */ = {isa = PBXFileReference; includeInIndex = 1; lastKnownFileType = text.xcconfig; name = "Pods-crowdpingUITests.release.xcconfig"; path = "Pods/Target Support Files/Pods-crowdpingUITests/Pods-crowdpingUITests.release.xcconfig"; sourceTree = "<group>"; };
		1B991D81F57C0C92618C1808 /* Pods_crowdpingTests.framework */ = {isa = PBXFileReference; explicitFileType = wrapper.framework; includeInIndex = 0; path = Pods_crowdpingTests.framework; sourceTree = BUILT_PRODUCTS_DIR; };
		7344B0756D1BADC3BD3AD8F7 /* Pods-crowdpingTests.release.xcconfig */ = {isa = PBXFileReference; includeInIndex = 1; lastKnownFileType = text.xcconfig; name = "Pods-crowdpingTests.release.xcconfig"; path = "Pods/Target Support Files/Pods-crowdpingTests/Pods-crowdpingTests.release.xcconfig"; sourceTree = "<group>"; };
		8B0EBD2E1D973C9C00216125 /* crowdping.entitlements */ = {isa = PBXFileReference; lastKnownFileType = text.plist.entitlements; path = crowdping.entitlements; sourceTree = "<group>"; };
		8BEC45A41D9734490075612F /* GoogleService-Info.plist */ = {isa = PBXFileReference; fileEncoding = 4; lastKnownFileType = text.plist.xml; path = "GoogleService-Info.plist"; sourceTree = "<group>"; };
		8BEC45A61D9734590075612F /* GoogleService-Info.plist */ = {isa = PBXFileReference; fileEncoding = 4; lastKnownFileType = text.plist.xml; path = "GoogleService-Info.plist"; sourceTree = "<group>"; };
		8BEC45A81D9734630075612F /* GoogleService-Info.plist */ = {isa = PBXFileReference; fileEncoding = 4; lastKnownFileType = text.plist.xml; path = "GoogleService-Info.plist"; sourceTree = "<group>"; };
		8D0EE376AA6C1A76CDB03D74 /* Pods_crowdpingUITests.framework */ = {isa = PBXFileReference; explicitFileType = wrapper.framework; includeInIndex = 0; path = Pods_crowdpingUITests.framework; sourceTree = BUILT_PRODUCTS_DIR; };
		95D09C23E16F4419688DCAA0 /* Pods-crowdpingUITests.debug.xcconfig */ = {isa = PBXFileReference; includeInIndex = 1; lastKnownFileType = text.xcconfig; name = "Pods-crowdpingUITests.debug.xcconfig"; path = "Pods/Target Support Files/Pods-crowdpingUITests/Pods-crowdpingUITests.debug.xcconfig"; sourceTree = "<group>"; };
		A83FD38F4EF9C505C0BECC66 /* Pods-crowdping.release.xcconfig */ = {isa = PBXFileReference; includeInIndex = 1; lastKnownFileType = text.xcconfig; name = "Pods-crowdping.release.xcconfig"; path = "Pods/Target Support Files/Pods-crowdping/Pods-crowdping.release.xcconfig"; sourceTree = "<group>"; };
		AD4A8963B5608CF533A7F899 /* Pods_crowdping.framework */ = {isa = PBXFileReference; explicitFileType = wrapper.framework; includeInIndex = 0; path = Pods_crowdping.framework; sourceTree = BUILT_PRODUCTS_DIR; };
		C71042CC1D960C24000C5CAC /* crowdping.app */ = {isa = PBXFileReference; explicitFileType = wrapper.application; includeInIndex = 0; path = crowdping.app; sourceTree = BUILT_PRODUCTS_DIR; };
		C71042CF1D960C24000C5CAC /* AppDelegate.swift */ = {isa = PBXFileReference; lastKnownFileType = sourcecode.swift; path = AppDelegate.swift; sourceTree = "<group>"; };
		C71042D11D960C24000C5CAC /* ViewController.swift */ = {isa = PBXFileReference; lastKnownFileType = sourcecode.swift; path = ViewController.swift; sourceTree = "<group>"; };
		C71042D41D960C24000C5CAC /* Base */ = {isa = PBXFileReference; lastKnownFileType = file.storyboard; name = Base; path = Base.lproj/Main.storyboard; sourceTree = "<group>"; };
		C71042D71D960C25000C5CAC /* crowdping.xcdatamodel */ = {isa = PBXFileReference; lastKnownFileType = wrapper.xcdatamodel; path = crowdping.xcdatamodel; sourceTree = "<group>"; };
		C71042D91D960C25000C5CAC /* Assets.xcassets */ = {isa = PBXFileReference; lastKnownFileType = folder.assetcatalog; path = Assets.xcassets; sourceTree = "<group>"; };
		C71042DC1D960C25000C5CAC /* Base */ = {isa = PBXFileReference; lastKnownFileType = file.storyboard; name = Base; path = Base.lproj/LaunchScreen.storyboard; sourceTree = "<group>"; };
		C71042DE1D960C25000C5CAC /* Info.plist */ = {isa = PBXFileReference; lastKnownFileType = text.plist.xml; path = Info.plist; sourceTree = "<group>"; };
		C71042E31D960C25000C5CAC /* crowdpingTests.xctest */ = {isa = PBXFileReference; explicitFileType = wrapper.cfbundle; includeInIndex = 0; path = crowdpingTests.xctest; sourceTree = BUILT_PRODUCTS_DIR; };
		C71042E71D960C25000C5CAC /* crowdpingTests.swift */ = {isa = PBXFileReference; lastKnownFileType = sourcecode.swift; path = crowdpingTests.swift; sourceTree = "<group>"; };
		C71042E91D960C25000C5CAC /* Info.plist */ = {isa = PBXFileReference; lastKnownFileType = text.plist.xml; path = Info.plist; sourceTree = "<group>"; };
		C71042EE1D960C25000C5CAC /* crowdpingUITests.xctest */ = {isa = PBXFileReference; explicitFileType = wrapper.cfbundle; includeInIndex = 0; path = crowdpingUITests.xctest; sourceTree = BUILT_PRODUCTS_DIR; };
		C71042F21D960C25000C5CAC /* crowdpingUITests.swift */ = {isa = PBXFileReference; lastKnownFileType = sourcecode.swift; path = crowdpingUITests.swift; sourceTree = "<group>"; };
		C71042F41D960C25000C5CAC /* Info.plist */ = {isa = PBXFileReference; lastKnownFileType = text.plist.xml; path = Info.plist; sourceTree = "<group>"; };
		C77E13901D97515600B79FC1 /* button alert_circles.pdf */ = {isa = PBXFileReference; lastKnownFileType = image.pdf; name = "button alert_circles.pdf"; path = "crowdping/images/button alert_circles.pdf"; sourceTree = "<group>"; };
		C77E13911D97515600B79FC1 /* button alert_police.pdf */ = {isa = PBXFileReference; lastKnownFileType = image.pdf; name = "button alert_police.pdf"; path = "crowdping/images/button alert_police.pdf"; sourceTree = "<group>"; };
		C7D357AA1D96CCB0001E7387 /* Notifications.swift */ = {isa = PBXFileReference; fileEncoding = 4; lastKnownFileType = sourcecode.swift; path = Notifications.swift; sourceTree = "<group>"; };
		C7D357AD1D971527001E7387 /* MapKit.framework */ = {isa = PBXFileReference; lastKnownFileType = wrapper.framework; name = MapKit.framework; path = System/Library/Frameworks/MapKit.framework; sourceTree = SDKROOT; };
		C7D357AF1D971EBD001E7387 /* LocationAnotation.swift */ = {isa = PBXFileReference; fileEncoding = 4; lastKnownFileType = sourcecode.swift; path = LocationAnotation.swift; sourceTree = "<group>"; };
		D26A76D8A687683DF54BB5CD /* Pods-crowdpingTests.debug.xcconfig */ = {isa = PBXFileReference; includeInIndex = 1; lastKnownFileType = text.xcconfig; name = "Pods-crowdpingTests.debug.xcconfig"; path = "Pods/Target Support Files/Pods-crowdpingTests/Pods-crowdpingTests.debug.xcconfig"; sourceTree = "<group>"; };
/* End PBXFileReference section */

/* Begin PBXFrameworksBuildPhase section */
		C71042C91D960C24000C5CAC /* Frameworks */ = {
			isa = PBXFrameworksBuildPhase;
			buildActionMask = 2147483647;
			files = (
				C7D357AE1D971527001E7387 /* MapKit.framework in Frameworks */,
				6ED7D3583F49DEA7A440FF9B /* Pods_crowdping.framework in Frameworks */,
			);
			runOnlyForDeploymentPostprocessing = 0;
		};
		C71042E01D960C25000C5CAC /* Frameworks */ = {
			isa = PBXFrameworksBuildPhase;
			buildActionMask = 2147483647;
			files = (
				0CA658A7D17538E3B6573ADD /* Pods_crowdpingTests.framework in Frameworks */,
			);
			runOnlyForDeploymentPostprocessing = 0;
		};
		C71042EB1D960C25000C5CAC /* Frameworks */ = {
			isa = PBXFrameworksBuildPhase;
			buildActionMask = 2147483647;
			files = (
				B758B1A87F9693C13C37DBDA /* Pods_crowdpingUITests.framework in Frameworks */,
			);
			runOnlyForDeploymentPostprocessing = 0;
		};
/* End PBXFrameworksBuildPhase section */

/* Begin PBXGroup section */
		4102FE10115E6A26A3A12475 /* Pods */ = {
			isa = PBXGroup;
			children = (
				01611B64FF2CA9D94A412C24 /* Pods-crowdping.debug.xcconfig */,
				A83FD38F4EF9C505C0BECC66 /* Pods-crowdping.release.xcconfig */,
				D26A76D8A687683DF54BB5CD /* Pods-crowdpingTests.debug.xcconfig */,
				7344B0756D1BADC3BD3AD8F7 /* Pods-crowdpingTests.release.xcconfig */,
				95D09C23E16F4419688DCAA0 /* Pods-crowdpingUITests.debug.xcconfig */,
				1B630DF865FD4E22972EFE12 /* Pods-crowdpingUITests.release.xcconfig */,
			);
			name = Pods;
			sourceTree = "<group>";
		};
		C71042C31D960C24000C5CAC = {
			isa = PBXGroup;
			children = (
				C77E138F1D97514800B79FC1 /* images */,
				C71042CE1D960C24000C5CAC /* crowdping */,
				C71042E61D960C25000C5CAC /* crowdpingTests */,
				C71042F11D960C25000C5CAC /* crowdpingUITests */,
				C71042CD1D960C24000C5CAC /* Products */,
				C7D357AC1D971527001E7387 /* Frameworks */,
				4102FE10115E6A26A3A12475 /* Pods */,
			);
			sourceTree = "<group>";
		};
		C71042CD1D960C24000C5CAC /* Products */ = {
			isa = PBXGroup;
			children = (
				C71042CC1D960C24000C5CAC /* crowdping.app */,
				C71042E31D960C25000C5CAC /* crowdpingTests.xctest */,
				C71042EE1D960C25000C5CAC /* crowdpingUITests.xctest */,
			);
			name = Products;
			sourceTree = "<group>";
		};
		C71042CE1D960C24000C5CAC /* crowdping */ = {
			isa = PBXGroup;
			children = (
				8B0EBD2E1D973C9C00216125 /* crowdping.entitlements */,
				8BEC45A41D9734490075612F /* GoogleService-Info.plist */,
				C7D357AA1D96CCB0001E7387 /* Notifications.swift */,
				C71042CF1D960C24000C5CAC /* AppDelegate.swift */,
				C71042D11D960C24000C5CAC /* ViewController.swift */,
				C7D357AF1D971EBD001E7387 /* LocationAnotation.swift */,
				C71042D31D960C24000C5CAC /* Main.storyboard */,
				C71042D91D960C25000C5CAC /* Assets.xcassets */,
				C71042DB1D960C25000C5CAC /* LaunchScreen.storyboard */,
				C71042DE1D960C25000C5CAC /* Info.plist */,
				C71042D61D960C25000C5CAC /* crowdping.xcdatamodeld */,
			);
			path = crowdping;
			sourceTree = "<group>";
		};
		C71042E61D960C25000C5CAC /* crowdpingTests */ = {
			isa = PBXGroup;
			children = (
				8BEC45A81D9734630075612F /* GoogleService-Info.plist */,
				C71042E71D960C25000C5CAC /* crowdpingTests.swift */,
				C71042E91D960C25000C5CAC /* Info.plist */,
			);
			path = crowdpingTests;
			sourceTree = "<group>";
		};
		C71042F11D960C25000C5CAC /* crowdpingUITests */ = {
			isa = PBXGroup;
			children = (
				8BEC45A61D9734590075612F /* GoogleService-Info.plist */,
				C71042F21D960C25000C5CAC /* crowdpingUITests.swift */,
				C71042F41D960C25000C5CAC /* Info.plist */,
			);
			path = crowdpingUITests;
			sourceTree = "<group>";
		};
		C77E138F1D97514800B79FC1 /* images */ = {
			isa = PBXGroup;
			children = (
				C77E13901D97515600B79FC1 /* button alert_circles.pdf */,
				C77E13911D97515600B79FC1 /* button alert_police.pdf */,
			);
			name = images;
			sourceTree = "<group>";
		};
		C7D357AC1D971527001E7387 /* Frameworks */ = {
			isa = PBXGroup;
			children = (
				C7D357AD1D971527001E7387 /* MapKit.framework */,
				AD4A8963B5608CF533A7F899 /* Pods_crowdping.framework */,
				1B991D81F57C0C92618C1808 /* Pods_crowdpingTests.framework */,
				8D0EE376AA6C1A76CDB03D74 /* Pods_crowdpingUITests.framework */,
			);
			name = Frameworks;
			sourceTree = "<group>";
		};
/* End PBXGroup section */

/* Begin PBXNativeTarget section */
		C71042CB1D960C24000C5CAC /* crowdping */ = {
			isa = PBXNativeTarget;
			buildConfigurationList = C71042F71D960C25000C5CAC /* Build configuration list for PBXNativeTarget "crowdping" */;
			buildPhases = (
				54DA63D4526D28C0F312E4B0 /* [CP] Check Pods Manifest.lock */,
				C71042C81D960C24000C5CAC /* Sources */,
				C71042C91D960C24000C5CAC /* Frameworks */,
				C71042CA1D960C24000C5CAC /* Resources */,
				99126770C7ECD791E3094EFD /* [CP] Embed Pods Frameworks */,
				EFCB98DDF53AC930211E9EDA /* [CP] Copy Pods Resources */,
			);
			buildRules = (
			);
			dependencies = (
			);
			name = crowdping;
			productName = crowdping;
			productReference = C71042CC1D960C24000C5CAC /* crowdping.app */;
			productType = "com.apple.product-type.application";
		};
		C71042E21D960C25000C5CAC /* crowdpingTests */ = {
			isa = PBXNativeTarget;
			buildConfigurationList = C71042FA1D960C25000C5CAC /* Build configuration list for PBXNativeTarget "crowdpingTests" */;
			buildPhases = (
				E4E35577F2D29C94A6B46395 /* [CP] Check Pods Manifest.lock */,
				C71042DF1D960C25000C5CAC /* Sources */,
				C71042E01D960C25000C5CAC /* Frameworks */,
				C71042E11D960C25000C5CAC /* Resources */,
				739595CBD94196EE90287B38 /* [CP] Embed Pods Frameworks */,
				E778777B8B740F4B0BD1CA2B /* [CP] Copy Pods Resources */,
			);
			buildRules = (
			);
			dependencies = (
				C71042E51D960C25000C5CAC /* PBXTargetDependency */,
			);
			name = crowdpingTests;
			productName = crowdpingTests;
			productReference = C71042E31D960C25000C5CAC /* crowdpingTests.xctest */;
			productType = "com.apple.product-type.bundle.unit-test";
		};
		C71042ED1D960C25000C5CAC /* crowdpingUITests */ = {
			isa = PBXNativeTarget;
			buildConfigurationList = C71042FD1D960C25000C5CAC /* Build configuration list for PBXNativeTarget "crowdpingUITests" */;
			buildPhases = (
				7F5F8F8B9ED4D3E048EB5C60 /* [CP] Check Pods Manifest.lock */,
				C71042EA1D960C25000C5CAC /* Sources */,
				C71042EB1D960C25000C5CAC /* Frameworks */,
				C71042EC1D960C25000C5CAC /* Resources */,
				A876775199C53D5D6E2FCFBB /* [CP] Copy Pods Resources */,
			);
			buildRules = (
			);
			dependencies = (
				C71042F01D960C25000C5CAC /* PBXTargetDependency */,
			);
			name = crowdpingUITests;
			productName = crowdpingUITests;
			productReference = C71042EE1D960C25000C5CAC /* crowdpingUITests.xctest */;
			productType = "com.apple.product-type.bundle.ui-testing";
		};
/* End PBXNativeTarget section */

/* Begin PBXProject section */
		C71042C41D960C24000C5CAC /* Project object */ = {
			isa = PBXProject;
			attributes = {
				LastSwiftUpdateCheck = 0800;
				LastUpgradeCheck = 0800;
				ORGANIZATIONNAME = "TerraTap Technologies, Inc.";
				TargetAttributes = {
					C71042CB1D960C24000C5CAC = {
						CreatedOnToolsVersion = 8.0;
						DevelopmentTeam = L9GR6R2227;
						LastSwiftMigration = 0800;
						ProvisioningStyle = Automatic;
						SystemCapabilities = {
							com.apple.BackgroundModes = {
								enabled = 1;
							};
							com.apple.Maps.iOS = {
								enabled = 1;
							};
							com.apple.Push = {
								enabled = 1;
							};
						};
					};
					C71042E21D960C25000C5CAC = {
						CreatedOnToolsVersion = 8.0;
						DevelopmentTeam = L9GR6R2227;
						LastSwiftMigration = 0800;
						ProvisioningStyle = Automatic;
						TestTargetID = C71042CB1D960C24000C5CAC;
					};
					C71042ED1D960C25000C5CAC = {
						CreatedOnToolsVersion = 8.0;
						DevelopmentTeam = L9GR6R2227;
						LastSwiftMigration = 0800;
						ProvisioningStyle = Automatic;
						TestTargetID = C71042CB1D960C24000C5CAC;
					};
				};
			};
			buildConfigurationList = C71042C71D960C24000C5CAC /* Build configuration list for PBXProject "crowdping" */;
			compatibilityVersion = "Xcode 3.2";
			developmentRegion = English;
			hasScannedForEncodings = 0;
			knownRegions = (
				en,
				Base,
			);
			mainGroup = C71042C31D960C24000C5CAC;
			productRefGroup = C71042CD1D960C24000C5CAC /* Products */;
			projectDirPath = "";
			projectRoot = "";
			targets = (
				C71042CB1D960C24000C5CAC /* crowdping */,
				C71042E21D960C25000C5CAC /* crowdpingTests */,
				C71042ED1D960C25000C5CAC /* crowdpingUITests */,
			);
		};
/* End PBXProject section */

/* Begin PBXResourcesBuildPhase section */
		C71042CA1D960C24000C5CAC /* Resources */ = {
			isa = PBXResourcesBuildPhase;
			buildActionMask = 2147483647;
			files = (
				C71042DD1D960C25000C5CAC /* LaunchScreen.storyboard in Resources */,
				C77E13921D97515600B79FC1 /* button alert_circles.pdf in Resources */,
				8BEC45A51D9734490075612F /* GoogleService-Info.plist in Resources */,
				C71042DA1D960C25000C5CAC /* Assets.xcassets in Resources */,
				C77E13931D97515600B79FC1 /* button alert_police.pdf in Resources */,
				C71042D51D960C24000C5CAC /* Main.storyboard in Resources */,
			);
			runOnlyForDeploymentPostprocessing = 0;
		};
		C71042E11D960C25000C5CAC /* Resources */ = {
			isa = PBXResourcesBuildPhase;
			buildActionMask = 2147483647;
			files = (
				8BEC45A91D9734630075612F /* GoogleService-Info.plist in Resources */,
			);
			runOnlyForDeploymentPostprocessing = 0;
		};
		C71042EC1D960C25000C5CAC /* Resources */ = {
			isa = PBXResourcesBuildPhase;
			buildActionMask = 2147483647;
			files = (
				8BEC45A71D9734590075612F /* GoogleService-Info.plist in Resources */,
			);
			runOnlyForDeploymentPostprocessing = 0;
		};
/* End PBXResourcesBuildPhase section */

/* Begin PBXShellScriptBuildPhase section */
		54DA63D4526D28C0F312E4B0 /* [CP] Check Pods Manifest.lock */ = {
			isa = PBXShellScriptBuildPhase;
			buildActionMask = 2147483647;
			files = (
			);
			inputPaths = (
			);
			name = "[CP] Check Pods Manifest.lock";
			outputPaths = (
			);
			runOnlyForDeploymentPostprocessing = 0;
			shellPath = /bin/sh;
			shellScript = "diff \"${PODS_ROOT}/../Podfile.lock\" \"${PODS_ROOT}/Manifest.lock\" > /dev/null\nif [[ $? != 0 ]] ; then\n    cat << EOM\nerror: The sandbox is not in sync with the Podfile.lock. Run 'pod install' or update your CocoaPods installation.\nEOM\n    exit 1\nfi\n";
			showEnvVarsInLog = 0;
		};
		739595CBD94196EE90287B38 /* [CP] Embed Pods Frameworks */ = {
			isa = PBXShellScriptBuildPhase;
			buildActionMask = 2147483647;
			files = (
			);
			inputPaths = (
			);
			name = "[CP] Embed Pods Frameworks";
			outputPaths = (
			);
			runOnlyForDeploymentPostprocessing = 0;
			shellPath = /bin/sh;
			shellScript = "\"${SRCROOT}/Pods/Target Support Files/Pods-crowdpingTests/Pods-crowdpingTests-frameworks.sh\"\n";
			showEnvVarsInLog = 0;
		};
		7F5F8F8B9ED4D3E048EB5C60 /* [CP] Check Pods Manifest.lock */ = {
			isa = PBXShellScriptBuildPhase;
			buildActionMask = 2147483647;
			files = (
			);
			inputPaths = (
			);
			name = "[CP] Check Pods Manifest.lock";
			outputPaths = (
			);
			runOnlyForDeploymentPostprocessing = 0;
			shellPath = /bin/sh;
			shellScript = "diff \"${PODS_ROOT}/../Podfile.lock\" \"${PODS_ROOT}/Manifest.lock\" > /dev/null\nif [[ $? != 0 ]] ; then\n    cat << EOM\nerror: The sandbox is not in sync with the Podfile.lock. Run 'pod install' or update your CocoaPods installation.\nEOM\n    exit 1\nfi\n";
			showEnvVarsInLog = 0;
		};
		99126770C7ECD791E3094EFD /* [CP] Embed Pods Frameworks */ = {
			isa = PBXShellScriptBuildPhase;
			buildActionMask = 2147483647;
			files = (
			);
			inputPaths = (
			);
			name = "[CP] Embed Pods Frameworks";
			outputPaths = (
			);
			runOnlyForDeploymentPostprocessing = 0;
			shellPath = /bin/sh;
			shellScript = "\"${SRCROOT}/Pods/Target Support Files/Pods-crowdping/Pods-crowdping-frameworks.sh\"\n";
			showEnvVarsInLog = 0;
		};
		A876775199C53D5D6E2FCFBB /* [CP] Copy Pods Resources */ = {
			isa = PBXShellScriptBuildPhase;
			buildActionMask = 2147483647;
			files = (
			);
			inputPaths = (
			);
			name = "[CP] Copy Pods Resources";
			outputPaths = (
			);
			runOnlyForDeploymentPostprocessing = 0;
			shellPath = /bin/sh;
			shellScript = "\"${SRCROOT}/Pods/Target Support Files/Pods-crowdpingUITests/Pods-crowdpingUITests-resources.sh\"\n";
			showEnvVarsInLog = 0;
		};
		E4E35577F2D29C94A6B46395 /* [CP] Check Pods Manifest.lock */ = {
			isa = PBXShellScriptBuildPhase;
			buildActionMask = 2147483647;
			files = (
			);
			inputPaths = (
			);
			name = "[CP] Check Pods Manifest.lock";
			outputPaths = (
			);
			runOnlyForDeploymentPostprocessing = 0;
			shellPath = /bin/sh;
			shellScript = "diff \"${PODS_ROOT}/../Podfile.lock\" \"${PODS_ROOT}/Manifest.lock\" > /dev/null\nif [[ $? != 0 ]] ; then\n    cat << EOM\nerror: The sandbox is not in sync with the Podfile.lock. Run 'pod install' or update your CocoaPods installation.\nEOM\n    exit 1\nfi\n";
			showEnvVarsInLog = 0;
		};
		E778777B8B740F4B0BD1CA2B /* [CP] Copy Pods Resources */ = {
			isa = PBXShellScriptBuildPhase;
			buildActionMask = 2147483647;
			files = (
			);
			inputPaths = (
			);
			name = "[CP] Copy Pods Resources";
			outputPaths = (
			);
			runOnlyForDeploymentPostprocessing = 0;
			shellPath = /bin/sh;
			shellScript = "\"${SRCROOT}/Pods/Target Support Files/Pods-crowdpingTests/Pods-crowdpingTests-resources.sh\"\n";
			showEnvVarsInLog = 0;
		};
		EFCB98DDF53AC930211E9EDA /* [CP] Copy Pods Resources */ = {
			isa = PBXShellScriptBuildPhase;
			buildActionMask = 2147483647;
			files = (
			);
			inputPaths = (
			);
			name = "[CP] Copy Pods Resources";
			outputPaths = (
			);
			runOnlyForDeploymentPostprocessing = 0;
			shellPath = /bin/sh;
			shellScript = "\"${SRCROOT}/Pods/Target Support Files/Pods-crowdping/Pods-crowdping-resources.sh\"\n";
			showEnvVarsInLog = 0;
		};
/* End PBXShellScriptBuildPhase section */

/* Begin PBXSourcesBuildPhase section */
		C71042C81D960C24000C5CAC /* Sources */ = {
			isa = PBXSourcesBuildPhase;
			buildActionMask = 2147483647;
			files = (
				C7D357AB1D96CCB0001E7387 /* Notifications.swift in Sources */,
				C71042D21D960C24000C5CAC /* ViewController.swift in Sources */,
				C7D357B01D971EBD001E7387 /* LocationAnotation.swift in Sources */,
				C71042D01D960C24000C5CAC /* AppDelegate.swift in Sources */,
				C71042D81D960C25000C5CAC /* crowdping.xcdatamodeld in Sources */,
			);
			runOnlyForDeploymentPostprocessing = 0;
		};
		C71042DF1D960C25000C5CAC /* Sources */ = {
			isa = PBXSourcesBuildPhase;
			buildActionMask = 2147483647;
			files = (
				C71042E81D960C25000C5CAC /* crowdpingTests.swift in Sources */,
			);
			runOnlyForDeploymentPostprocessing = 0;
		};
		C71042EA1D960C25000C5CAC /* Sources */ = {
			isa = PBXSourcesBuildPhase;
			buildActionMask = 2147483647;
			files = (
				C71042F31D960C25000C5CAC /* crowdpingUITests.swift in Sources */,
			);
			runOnlyForDeploymentPostprocessing = 0;
		};
/* End PBXSourcesBuildPhase section */

/* Begin PBXTargetDependency section */
		C71042E51D960C25000C5CAC /* PBXTargetDependency */ = {
			isa = PBXTargetDependency;
			target = C71042CB1D960C24000C5CAC /* crowdping */;
			targetProxy = C71042E41D960C25000C5CAC /* PBXContainerItemProxy */;
		};
		C71042F01D960C25000C5CAC /* PBXTargetDependency */ = {
			isa = PBXTargetDependency;
			target = C71042CB1D960C24000C5CAC /* crowdping */;
			targetProxy = C71042EF1D960C25000C5CAC /* PBXContainerItemProxy */;
		};
/* End PBXTargetDependency section */

/* Begin PBXVariantGroup section */
		C71042D31D960C24000C5CAC /* Main.storyboard */ = {
			isa = PBXVariantGroup;
			children = (
				C71042D41D960C24000C5CAC /* Base */,
			);
			name = Main.storyboard;
			sourceTree = "<group>";
		};
		C71042DB1D960C25000C5CAC /* LaunchScreen.storyboard */ = {
			isa = PBXVariantGroup;
			children = (
				C71042DC1D960C25000C5CAC /* Base */,
			);
			name = LaunchScreen.storyboard;
			sourceTree = "<group>";
		};
/* End PBXVariantGroup section */

/* Begin XCBuildConfiguration section */
		C71042F51D960C25000C5CAC /* Debug */ = {
			isa = XCBuildConfiguration;
			buildSettings = {
				ALWAYS_SEARCH_USER_PATHS = NO;
				CLANG_ANALYZER_NONNULL = YES;
				CLANG_CXX_LANGUAGE_STANDARD = "gnu++0x";
				CLANG_CXX_LIBRARY = "libc++";
				CLANG_ENABLE_MODULES = YES;
				CLANG_ENABLE_OBJC_ARC = YES;
				CLANG_WARN_BOOL_CONVERSION = YES;
				CLANG_WARN_CONSTANT_CONVERSION = YES;
				CLANG_WARN_DIRECT_OBJC_ISA_USAGE = YES_ERROR;
				CLANG_WARN_DOCUMENTATION_COMMENTS = YES;
				CLANG_WARN_EMPTY_BODY = YES;
				CLANG_WARN_ENUM_CONVERSION = YES;
				CLANG_WARN_INFINITE_RECURSION = YES;
				CLANG_WARN_INT_CONVERSION = YES;
				CLANG_WARN_OBJC_ROOT_CLASS = YES_ERROR;
				CLANG_WARN_SUSPICIOUS_MOVES = YES;
				CLANG_WARN_UNREACHABLE_CODE = YES;
				CLANG_WARN__DUPLICATE_METHOD_MATCH = YES;
				"CODE_SIGN_IDENTITY[sdk=iphoneos*]" = "iPhone Developer";
				COPY_PHASE_STRIP = NO;
				DEBUG_INFORMATION_FORMAT = dwarf;
				ENABLE_STRICT_OBJC_MSGSEND = YES;
				ENABLE_TESTABILITY = YES;
				GCC_C_LANGUAGE_STANDARD = gnu99;
				GCC_DYNAMIC_NO_PIC = NO;
				GCC_NO_COMMON_BLOCKS = YES;
				GCC_OPTIMIZATION_LEVEL = 0;
				GCC_PREPROCESSOR_DEFINITIONS = (
					"DEBUG=1",
					"$(inherited)",
				);
				GCC_WARN_64_TO_32_BIT_CONVERSION = YES;
				GCC_WARN_ABOUT_RETURN_TYPE = YES_ERROR;
				GCC_WARN_UNDECLARED_SELECTOR = YES;
				GCC_WARN_UNINITIALIZED_AUTOS = YES_AGGRESSIVE;
				GCC_WARN_UNUSED_FUNCTION = YES;
				GCC_WARN_UNUSED_VARIABLE = YES;
				IPHONEOS_DEPLOYMENT_TARGET = 10.0;
				MTL_ENABLE_DEBUG_INFO = YES;
				ONLY_ACTIVE_ARCH = YES;
				SDKROOT = iphoneos;
				SWIFT_ACTIVE_COMPILATION_CONDITIONS = DEBUG;
				SWIFT_OPTIMIZATION_LEVEL = "-Onone";
			};
			name = Debug;
		};
		C71042F61D960C25000C5CAC /* Release */ = {
			isa = XCBuildConfiguration;
			buildSettings = {
				ALWAYS_SEARCH_USER_PATHS = NO;
				CLANG_ANALYZER_NONNULL = YES;
				CLANG_CXX_LANGUAGE_STANDARD = "gnu++0x";
				CLANG_CXX_LIBRARY = "libc++";
				CLANG_ENABLE_MODULES = YES;
				CLANG_ENABLE_OBJC_ARC = YES;
				CLANG_WARN_BOOL_CONVERSION = YES;
				CLANG_WARN_CONSTANT_CONVERSION = YES;
				CLANG_WARN_DIRECT_OBJC_ISA_USAGE = YES_ERROR;
				CLANG_WARN_DOCUMENTATION_COMMENTS = YES;
				CLANG_WARN_EMPTY_BODY = YES;
				CLANG_WARN_ENUM_CONVERSION = YES;
				CLANG_WARN_INFINITE_RECURSION = YES;
				CLANG_WARN_INT_CONVERSION = YES;
				CLANG_WARN_OBJC_ROOT_CLASS = YES_ERROR;
				CLANG_WARN_SUSPICIOUS_MOVES = YES;
				CLANG_WARN_UNREACHABLE_CODE = YES;
				CLANG_WARN__DUPLICATE_METHOD_MATCH = YES;
				"CODE_SIGN_IDENTITY[sdk=iphoneos*]" = "iPhone Developer";
				COPY_PHASE_STRIP = NO;
				DEBUG_INFORMATION_FORMAT = "dwarf-with-dsym";
				ENABLE_NS_ASSERTIONS = NO;
				ENABLE_STRICT_OBJC_MSGSEND = YES;
				GCC_C_LANGUAGE_STANDARD = gnu99;
				GCC_NO_COMMON_BLOCKS = YES;
				GCC_WARN_64_TO_32_BIT_CONVERSION = YES;
				GCC_WARN_ABOUT_RETURN_TYPE = YES_ERROR;
				GCC_WARN_UNDECLARED_SELECTOR = YES;
				GCC_WARN_UNINITIALIZED_AUTOS = YES_AGGRESSIVE;
				GCC_WARN_UNUSED_FUNCTION = YES;
				GCC_WARN_UNUSED_VARIABLE = YES;
				IPHONEOS_DEPLOYMENT_TARGET = 10.0;
				MTL_ENABLE_DEBUG_INFO = NO;
				SDKROOT = iphoneos;
				SWIFT_OPTIMIZATION_LEVEL = "-Owholemodule";
				VALIDATE_PRODUCT = YES;
			};
			name = Release;
		};
		C71042F81D960C25000C5CAC /* Debug */ = {
			isa = XCBuildConfiguration;
			baseConfigurationReference = 01611B64FF2CA9D94A412C24 /* Pods-crowdping.debug.xcconfig */;
			buildSettings = {
				ASSETCATALOG_COMPILER_APPICON_NAME = AppIcon;
				CODE_SIGN_ENTITLEMENTS = crowdping/crowdping.entitlements;
				DEVELOPMENT_TEAM = L9GR6R2227;
				INFOPLIST_FILE = crowdping/Info.plist;
				IPHONEOS_DEPLOYMENT_TARGET = 9.3;
				LD_RUNPATH_SEARCH_PATHS = "$(inherited) @executable_path/Frameworks";
				PRODUCT_BUNDLE_IDENTIFIER = com.terratap.crowdping;
				PRODUCT_NAME = "$(TARGET_NAME)";
				SWIFT_VERSION = 3.0;
			};
			name = Debug;
		};
		C71042F91D960C25000C5CAC /* Release */ = {
			isa = XCBuildConfiguration;
			baseConfigurationReference = A83FD38F4EF9C505C0BECC66 /* Pods-crowdping.release.xcconfig */;
			buildSettings = {
				ASSETCATALOG_COMPILER_APPICON_NAME = AppIcon;
				CODE_SIGN_ENTITLEMENTS = crowdping/crowdping.entitlements;
				DEVELOPMENT_TEAM = L9GR6R2227;
				INFOPLIST_FILE = crowdping/Info.plist;
				IPHONEOS_DEPLOYMENT_TARGET = 9.3;
				LD_RUNPATH_SEARCH_PATHS = "$(inherited) @executable_path/Frameworks";
				PRODUCT_BUNDLE_IDENTIFIER = com.terratap.crowdping;
				PRODUCT_NAME = "$(TARGET_NAME)";
				SWIFT_VERSION = 3.0;
			};
			name = Release;
		};
		C71042FB1D960C25000C5CAC /* Debug */ = {
			isa = XCBuildConfiguration;
			baseConfigurationReference = D26A76D8A687683DF54BB5CD /* Pods-crowdpingTests.debug.xcconfig */;
			buildSettings = {
				ALWAYS_EMBED_SWIFT_STANDARD_LIBRARIES = YES;
				BUNDLE_LOADER = "$(TEST_HOST)";
				DEVELOPMENT_TEAM = L9GR6R2227;
				INFOPLIST_FILE = crowdpingTests/Info.plist;
				LD_RUNPATH_SEARCH_PATHS = "$(inherited) @executable_path/Frameworks @loader_path/Frameworks";
				PRODUCT_BUNDLE_IDENTIFIER = com.terratap.crowdpingTests;
				PRODUCT_NAME = "$(TARGET_NAME)";
				SWIFT_VERSION = 3.0;
				TEST_HOST = "$(BUILT_PRODUCTS_DIR)/crowdping.app/crowdping";
			};
			name = Debug;
		};
		C71042FC1D960C25000C5CAC /* Release */ = {
			isa = XCBuildConfiguration;
			baseConfigurationReference = 7344B0756D1BADC3BD3AD8F7 /* Pods-crowdpingTests.release.xcconfig */;
			buildSettings = {
				ALWAYS_EMBED_SWIFT_STANDARD_LIBRARIES = YES;
				BUNDLE_LOADER = "$(TEST_HOST)";
				DEVELOPMENT_TEAM = L9GR6R2227;
				INFOPLIST_FILE = crowdpingTests/Info.plist;
				LD_RUNPATH_SEARCH_PATHS = "$(inherited) @executable_path/Frameworks @loader_path/Frameworks";
				PRODUCT_BUNDLE_IDENTIFIER = com.terratap.crowdpingTests;
				PRODUCT_NAME = "$(TARGET_NAME)";
				SWIFT_VERSION = 3.0;
				TEST_HOST = "$(BUILT_PRODUCTS_DIR)/crowdping.app/crowdping";
			};
			name = Release;
		};
		C71042FE1D960C25000C5CAC /* Debug */ = {
			isa = XCBuildConfiguration;
			baseConfigurationReference = 95D09C23E16F4419688DCAA0 /* Pods-crowdpingUITests.debug.xcconfig */;
			buildSettings = {
				ALWAYS_EMBED_SWIFT_STANDARD_LIBRARIES = YES;
				DEVELOPMENT_TEAM = L9GR6R2227;
				INFOPLIST_FILE = crowdpingUITests/Info.plist;
				LD_RUNPATH_SEARCH_PATHS = "$(inherited) @executable_path/Frameworks @loader_path/Frameworks";
				PRODUCT_BUNDLE_IDENTIFIER = com.terratap.crowdpingUITests;
				PRODUCT_NAME = "$(TARGET_NAME)";
				SWIFT_VERSION = 3.0;
				TEST_TARGET_NAME = crowdping;
			};
			name = Debug;
		};
		C71042FF1D960C25000C5CAC /* Release */ = {
			isa = XCBuildConfiguration;
			baseConfigurationReference = 1B630DF865FD4E22972EFE12 /* Pods-crowdpingUITests.release.xcconfig */;
			buildSettings = {
				ALWAYS_EMBED_SWIFT_STANDARD_LIBRARIES = YES;
				DEVELOPMENT_TEAM = L9GR6R2227;
				INFOPLIST_FILE = crowdpingUITests/Info.plist;
				LD_RUNPATH_SEARCH_PATHS = "$(inherited) @executable_path/Frameworks @loader_path/Frameworks";
				PRODUCT_BUNDLE_IDENTIFIER = com.terratap.crowdpingUITests;
				PRODUCT_NAME = "$(TARGET_NAME)";
				SWIFT_VERSION = 3.0;
				TEST_TARGET_NAME = crowdping;
			};
			name = Release;
		};
/* End XCBuildConfiguration section */

/* Begin XCConfigurationList section */
		C71042C71D960C24000C5CAC /* Build configuration list for PBXProject "crowdping" */ = {
			isa = XCConfigurationList;
			buildConfigurations = (
				C71042F51D960C25000C5CAC /* Debug */,
				C71042F61D960C25000C5CAC /* Release */,
			);
			defaultConfigurationIsVisible = 0;
			defaultConfigurationName = Release;
		};
		C71042F71D960C25000C5CAC /* Build configuration list for PBXNativeTarget "crowdping" */ = {
			isa = XCConfigurationList;
			buildConfigurations = (
				C71042F81D960C25000C5CAC /* Debug */,
				C71042F91D960C25000C5CAC /* Release */,
			);
			defaultConfigurationIsVisible = 0;
			defaultConfigurationName = Release;
		};
		C71042FA1D960C25000C5CAC /* Build configuration list for PBXNativeTarget "crowdpingTests" */ = {
			isa = XCConfigurationList;
			buildConfigurations = (
				C71042FB1D960C25000C5CAC /* Debug */,
				C71042FC1D960C25000C5CAC /* Release */,
			);
			defaultConfigurationIsVisible = 0;
			defaultConfigurationName = Release;
		};
		C71042FD1D960C25000C5CAC /* Build configuration list for PBXNativeTarget "crowdpingUITests" */ = {
			isa = XCConfigurationList;
			buildConfigurations = (
				C71042FE1D960C25000C5CAC /* Debug */,
				C71042FF1D960C25000C5CAC /* Release */,
			);
			defaultConfigurationIsVisible = 0;
			defaultConfigurationName = Release;
		};
/* End XCConfigurationList section */

/* Begin XCVersionGroup section */
		C71042D61D960C25000C5CAC /* crowdping.xcdatamodeld */ = {
			isa = XCVersionGroup;
			children = (
				C71042D71D960C25000C5CAC /* crowdping.xcdatamodel */,
			);
			currentVersion = C71042D71D960C25000C5CAC /* crowdping.xcdatamodel */;
			path = crowdping.xcdatamodeld;
			sourceTree = "<group>";
			versionGroupType = wrapper.xcdatamodel;
		};
/* End XCVersionGroup section */
	};
	rootObject = C71042C41D960C24000C5CAC /* Project object */;
}
